
Microsoft Visual Studio Solution File, Format Version 12.00
# Visual Studio Version 16
VisualStudioVersion = 16.0.31424.327
MinimumVisualStudioVersion = 10.0.40219.1
Project("{9A19103F-16F7-4668-BE54-9A1E7A4F7556}") = "Cympatic.Extensions.Http", "Cympatic.Extensions.Http\Cympatic.Extensions.Http.csproj", "{47EBDED9-9CF2-4633-BFC8-31B11FEA4F4B}"
EndProject
Project("{9A19103F-16F7-4668-BE54-9A1E7A4F7556}") = "Cympatic.Extensions.Http.UnitTests", "Cympatic.Extensions.Http.UnitTests\Cympatic.Extensions.Http.UnitTests.csproj", "{CA3A058D-13D6-4CB8-9310-9238A72F8943}"
EndProject
Global
	GlobalSection(SolutionConfigurationPlatforms) = preSolution
		Debug|Any CPU = Debug|Any CPU
		Release|Any CPU = Release|Any CPU
	EndGlobalSection
	GlobalSection(ProjectConfigurationPlatforms) = postSolution
		{47EBDED9-9CF2-4633-BFC8-31B11FEA4F4B}.Debug|Any CPU.ActiveCfg = Debug|Any CPU
		{47EBDED9-9CF2-4633-BFC8-31B11FEA4F4B}.Debug|Any CPU.Build.0 = Debug|Any CPU
		{47EBDED9-9CF2-4633-BFC8-31B11FEA4F4B}.Release|Any CPU.ActiveCfg = Release|Any CPU
		{47EBDED9-9CF2-4633-BFC8-31B11FEA4F4B}.Release|Any CPU.Build.0 = Release|Any CPU
		{CA3A058D-13D6-4CB8-9310-9238A72F8943}.Debug|Any CPU.ActiveCfg = Debug|Any CPU
		{CA3A058D-13D6-4CB8-9310-9238A72F8943}.Debug|Any CPU.Build.0 = Debug|Any CPU
		{CA3A058D-13D6-4CB8-9310-9238A72F8943}.Release|Any CPU.ActiveCfg = Release|Any CPU
		{CA3A058D-13D6-4CB8-9310-9238A72F8943}.Release|Any CPU.Build.0 = Release|Any CPU
	EndGlobalSection
	GlobalSection(SolutionProperties) = preSolution
		HideSolutionNode = FALSE
	EndGlobalSection
	GlobalSection(ExtensibilityGlobals) = postSolution
		SolutionGuid = {5DA911F2-91A0-431C-B2F5-54F840DC9A46}
	EndGlobalSection
EndGlobal
