
Microsoft Visual Studio Solution File, Format Version 12.00
# Visual Studio Version 16
VisualStudioVersion = 16.0.31424.327
MinimumVisualStudioVersion = 10.0.40219.1
Project("{FAE04EC0-301F-11D3-BF4B-00C04F79EFBC}") = "Cympatic.Extensions.SpecFlow", "Cympatic.Extensions.SpecFlow\Cympatic.Extensions.SpecFlow.csproj", "{21FB28BD-D1A9-4450-85C3-8B51613C06FE}"
EndProject
Project("{2150E333-8FDC-42A3-9474-1A3956D46DE8}") = "Extensions", "Extensions", "{3A6EE8C2-B36F-412E-8A69-B9F8ADE80329}"
EndProject
Project("{9A19103F-16F7-4668-BE54-9A1E7A4F7556}") = "Cympatic.Extensions.Http", "..\Http\Cympatic.Extensions.Http\Cympatic.Extensions.Http.csproj", "{77A30781-449E-4571-856B-D0EEF7D16D63}"
EndProject
Global
	GlobalSection(SolutionConfigurationPlatforms) = preSolution
		Debug|Any CPU = Debug|Any CPU
		Release|Any CPU = Release|Any CPU
	EndGlobalSection
	GlobalSection(ProjectConfigurationPlatforms) = postSolution
		{21FB28BD-D1A9-4450-85C3-8B51613C06FE}.Debug|Any CPU.ActiveCfg = Debug|Any CPU
		{21FB28BD-D1A9-4450-85C3-8B51613C06FE}.Debug|Any CPU.Build.0 = Debug|Any CPU
		{21FB28BD-D1A9-4450-85C3-8B51613C06FE}.Release|Any CPU.ActiveCfg = Release|Any CPU
		{21FB28BD-D1A9-4450-85C3-8B51613C06FE}.Release|Any CPU.Build.0 = Release|Any CPU
		{77A30781-449E-4571-856B-D0EEF7D16D63}.Debug|Any CPU.ActiveCfg = Debug|Any CPU
		{77A30781-449E-4571-856B-D0EEF7D16D63}.Debug|Any CPU.Build.0 = Debug|Any CPU
		{77A30781-449E-4571-856B-D0EEF7D16D63}.Release|Any CPU.ActiveCfg = Release|Any CPU
		{77A30781-449E-4571-856B-D0EEF7D16D63}.Release|Any CPU.Build.0 = Release|Any CPU
	EndGlobalSection
	GlobalSection(SolutionProperties) = preSolution
		HideSolutionNode = FALSE
	EndGlobalSection
	GlobalSection(NestedProjects) = preSolution
		{77A30781-449E-4571-856B-D0EEF7D16D63} = {3A6EE8C2-B36F-412E-8A69-B9F8ADE80329}
	EndGlobalSection
	GlobalSection(ExtensibilityGlobals) = postSolution
		SolutionGuid = {F7980C7F-BDA8-49F2-AF60-1438DE7AD099}
	EndGlobalSection
EndGlobal
