
Microsoft Visual Studio Solution File, Format Version 12.00
# Visual Studio Version 16
VisualStudioVersion = 16.0.31424.327
MinimumVisualStudioVersion = 10.0.40219.1
Project("{9A19103F-16F7-4668-BE54-9A1E7A4F7556}") = "Cympatic.Stub.Connectivity", "Cympatic.Stub.Connectivity\Cympatic.Stub.Connectivity.csproj", "{E79AC92E-0494-48EB-A3ED-B54A3069CA18}"
EndProject
Project("{9A19103F-16F7-4668-BE54-9A1E7A4F7556}") = "Cympatic.Stub.Connectivity.UnitTests", "Cympatic.Stub.Connectivity.UnitTests\Cympatic.Stub.Connectivity.UnitTests.csproj", "{F3FE42AB-88B8-4861-8A0C-1FF7A75C2C85}"
EndProject
Global
	GlobalSection(SolutionConfigurationPlatforms) = preSolution
		Debug|Any CPU = Debug|Any CPU
		Release|Any CPU = Release|Any CPU
	EndGlobalSection
	GlobalSection(ProjectConfigurationPlatforms) = postSolution
		{E79AC92E-0494-48EB-A3ED-B54A3069CA18}.Debug|Any CPU.ActiveCfg = Debug|Any CPU
		{E79AC92E-0494-48EB-A3ED-B54A3069CA18}.Debug|Any CPU.Build.0 = Debug|Any CPU
		{E79AC92E-0494-48EB-A3ED-B54A3069CA18}.Release|Any CPU.ActiveCfg = Release|Any CPU
		{E79AC92E-0494-48EB-A3ED-B54A3069CA18}.Release|Any CPU.Build.0 = Release|Any CPU
		{F3FE42AB-88B8-4861-8A0C-1FF7A75C2C85}.Debug|Any CPU.ActiveCfg = Debug|Any CPU
		{F3FE42AB-88B8-4861-8A0C-1FF7A75C2C85}.Debug|Any CPU.Build.0 = Debug|Any CPU
		{F3FE42AB-88B8-4861-8A0C-1FF7A75C2C85}.Release|Any CPU.ActiveCfg = Release|Any CPU
		{F3FE42AB-88B8-4861-8A0C-1FF7A75C2C85}.Release|Any CPU.Build.0 = Release|Any CPU
	EndGlobalSection
	GlobalSection(SolutionProperties) = preSolution
		HideSolutionNode = FALSE
	EndGlobalSection
	GlobalSection(ExtensibilityGlobals) = postSolution
		SolutionGuid = {59A8FF46-CB66-41E6-B8BD-EDE223C5CA1E}
	EndGlobalSection
EndGlobal
