
Microsoft Visual Studio Solution File, Format Version 12.00
# Visual Studio Version 16
VisualStudioVersion = 16.0.31410.357
MinimumVisualStudioVersion = 10.0.40219.1
Project("{9A19103F-16F7-4668-BE54-9A1E7A4F7556}") = "Cympatic.Extensions.Configuration", "Cympatic.Extensions.Configuration\Cympatic.Extensions.Configuration.csproj", "{FFB1F61C-185D-49D8-8937-37B0E50C7877}"
EndProject
Project("{9A19103F-16F7-4668-BE54-9A1E7A4F7556}") = "Cympatic.Extensions.Http", "Cympatic.Extensions.Http\Cympatic.Extensions.Http.csproj", "{970A8D78-3B3B-4F98-B334-F6E6881C4ADB}"
EndProject
Project("{9A19103F-16F7-4668-BE54-9A1E7A4F7556}") = "Cympatic.Extensions.Http.UnitTests", "Cympatic.Extensions.Http.UnitTests\Cympatic.Extensions.Http.UnitTests.csproj", "{D9E08CE5-8929-47B8-AF6D-F9B6D55FDB51}"
EndProject
Project("{9A19103F-16F7-4668-BE54-9A1E7A4F7556}") = "Cympatic.Stub.Abstractions", "Cympatic.Stub.Abstractions\Cympatic.Stub.Abstractions.csproj", "{F7A573D9-119D-4C7C-91D9-43495AD72A78}"
EndProject
Project("{9A19103F-16F7-4668-BE54-9A1E7A4F7556}") = "Cympatic.Stub.Connectivity", "Cympatic.Stub.Connectivity\Cympatic.Stub.Connectivity.csproj", "{D632B76D-A6DC-4219-9D9F-3877D4C86281}"
EndProject
Project("{9A19103F-16F7-4668-BE54-9A1E7A4F7556}") = "Cympatic.Stub.Connectivity.UnitTests", "Cympatic.Stub.Connectivity.UnitTests\Cympatic.Stub.Connectivity.UnitTests.csproj", "{69454F1A-5087-4FD0-8E83-5353CC37D9CC}"
EndProject
Project("{9A19103F-16F7-4668-BE54-9A1E7A4F7556}") = "Cympatic.Stub.Server", "Cympatic.Stub.Server\Cympatic.Stub.Server.csproj", "{F49074AA-2721-4131-BBC8-1B305B33BEE4}"
EndProject
Project("{9A19103F-16F7-4668-BE54-9A1E7A4F7556}") = "Cympatic.Stub.Server.UnitTests", "Cympatic.Stub.Server.UnitTests\Cympatic.Stub.Server.UnitTests.csproj", "{298D1B34-D6B7-4C24-B2A9-B52B22CF2A26}"
EndProject
Global
	GlobalSection(SolutionConfigurationPlatforms) = preSolution
		Debug|Any CPU = Debug|Any CPU
		Release|Any CPU = Release|Any CPU
	EndGlobalSection
	GlobalSection(ProjectConfigurationPlatforms) = postSolution
		{FFB1F61C-185D-49D8-8937-37B0E50C7877}.Debug|Any CPU.ActiveCfg = Debug|Any CPU
		{FFB1F61C-185D-49D8-8937-37B0E50C7877}.Debug|Any CPU.Build.0 = Debug|Any CPU
		{FFB1F61C-185D-49D8-8937-37B0E50C7877}.Release|Any CPU.ActiveCfg = Release|Any CPU
		{FFB1F61C-185D-49D8-8937-37B0E50C7877}.Release|Any CPU.Build.0 = Release|Any CPU
		{970A8D78-3B3B-4F98-B334-F6E6881C4ADB}.Debug|Any CPU.ActiveCfg = Debug|Any CPU
		{970A8D78-3B3B-4F98-B334-F6E6881C4ADB}.Debug|Any CPU.Build.0 = Debug|Any CPU
		{970A8D78-3B3B-4F98-B334-F6E6881C4ADB}.Release|Any CPU.ActiveCfg = Release|Any CPU
		{970A8D78-3B3B-4F98-B334-F6E6881C4ADB}.Release|Any CPU.Build.0 = Release|Any CPU
		{D9E08CE5-8929-47B8-AF6D-F9B6D55FDB51}.Debug|Any CPU.ActiveCfg = Debug|Any CPU
		{D9E08CE5-8929-47B8-AF6D-F9B6D55FDB51}.Debug|Any CPU.Build.0 = Debug|Any CPU
		{D9E08CE5-8929-47B8-AF6D-F9B6D55FDB51}.Release|Any CPU.ActiveCfg = Release|Any CPU
		{D9E08CE5-8929-47B8-AF6D-F9B6D55FDB51}.Release|Any CPU.Build.0 = Release|Any CPU
		{F7A573D9-119D-4C7C-91D9-43495AD72A78}.Debug|Any CPU.ActiveCfg = Debug|Any CPU
		{F7A573D9-119D-4C7C-91D9-43495AD72A78}.Debug|Any CPU.Build.0 = Debug|Any CPU
		{F7A573D9-119D-4C7C-91D9-43495AD72A78}.Release|Any CPU.ActiveCfg = Release|Any CPU
		{F7A573D9-119D-4C7C-91D9-43495AD72A78}.Release|Any CPU.Build.0 = Release|Any CPU
		{D632B76D-A6DC-4219-9D9F-3877D4C86281}.Debug|Any CPU.ActiveCfg = Debug|Any CPU
		{D632B76D-A6DC-4219-9D9F-3877D4C86281}.Debug|Any CPU.Build.0 = Debug|Any CPU
		{D632B76D-A6DC-4219-9D9F-3877D4C86281}.Release|Any CPU.ActiveCfg = Release|Any CPU
		{D632B76D-A6DC-4219-9D9F-3877D4C86281}.Release|Any CPU.Build.0 = Release|Any CPU
		{69454F1A-5087-4FD0-8E83-5353CC37D9CC}.Debug|Any CPU.ActiveCfg = Debug|Any CPU
		{69454F1A-5087-4FD0-8E83-5353CC37D9CC}.Debug|Any CPU.Build.0 = Debug|Any CPU
		{69454F1A-5087-4FD0-8E83-5353CC37D9CC}.Release|Any CPU.ActiveCfg = Release|Any CPU
		{69454F1A-5087-4FD0-8E83-5353CC37D9CC}.Release|Any CPU.Build.0 = Release|Any CPU
		{F49074AA-2721-4131-BBC8-1B305B33BEE4}.Debug|Any CPU.ActiveCfg = Debug|Any CPU
		{F49074AA-2721-4131-BBC8-1B305B33BEE4}.Debug|Any CPU.Build.0 = Debug|Any CPU
		{F49074AA-2721-4131-BBC8-1B305B33BEE4}.Release|Any CPU.ActiveCfg = Release|Any CPU
		{F49074AA-2721-4131-BBC8-1B305B33BEE4}.Release|Any CPU.Build.0 = Release|Any CPU
		{298D1B34-D6B7-4C24-B2A9-B52B22CF2A26}.Debug|Any CPU.ActiveCfg = Debug|Any CPU
		{298D1B34-D6B7-4C24-B2A9-B52B22CF2A26}.Debug|Any CPU.Build.0 = Debug|Any CPU
		{298D1B34-D6B7-4C24-B2A9-B52B22CF2A26}.Release|Any CPU.ActiveCfg = Release|Any CPU
		{298D1B34-D6B7-4C24-B2A9-B52B22CF2A26}.Release|Any CPU.Build.0 = Release|Any CPU
	EndGlobalSection
	GlobalSection(SolutionProperties) = preSolution
		HideSolutionNode = FALSE
	EndGlobalSection
	GlobalSection(ExtensibilityGlobals) = postSolution
		SolutionGuid = {3525773D-6C4D-4D9B-9256-379978F2EF55}
	EndGlobalSection
EndGlobal
