
Microsoft Visual Studio Solution File, Format Version 12.00
# Visual Studio Version 16
VisualStudioVersion = 16.0.31410.357
MinimumVisualStudioVersion = 10.0.40219.1
Project("{9A19103F-16F7-4668-BE54-9A1E7A4F7556}") = "Cympatic.Stub.Server", "Cympatic.Stub.Server\Cympatic.Stub.Server.csproj", "{F49074AA-2721-4131-BBC8-1B305B33BEE4}"
EndProject
Project("{9A19103F-16F7-4668-BE54-9A1E7A4F7556}") = "Cympatic.Stub.Server.UnitTests", "Cympatic.Stub.Server.UnitTests\Cympatic.Stub.Server.UnitTests.csproj", "{298D1B34-D6B7-4C24-B2A9-B52B22CF2A26}"
EndProject
Project("{2150E333-8FDC-42A3-9474-1A3956D46DE8}") = "Extensions", "Extensions", "{1DAFAA4D-9EB9-4ED6-A8B1-42815B53A895}"
EndProject
Project("{9A19103F-16F7-4668-BE54-9A1E7A4F7556}") = "Cympatic.Extensions.Configuration", "..\Extensions\Configuration\Cympatic.Extensions.Configuration\Cympatic.Extensions.Configuration.csproj", "{FF24777A-D85C-4A21-B5F3-FF4926EB0A38}"
EndProject
Project("{9A19103F-16F7-4668-BE54-9A1E7A4F7556}") = "Cympatic.Extensions.Http", "..\Extensions\Http\Cympatic.Extensions.Http\Cympatic.Extensions.Http.csproj", "{84E9F7E9-4710-42EC-8946-476E963CE043}"
EndProject
Project("{9A19103F-16F7-4668-BE54-9A1E7A4F7556}") = "Cympatic.Extensions.Http.UnitTests", "..\Extensions\Http\Cympatic.Extensions.Http.UnitTests\Cympatic.Extensions.Http.UnitTests.csproj", "{52FF810E-E5C0-4D09-AFF7-578525D2784A}"
EndProject
Project("{2150E333-8FDC-42A3-9474-1A3956D46DE8}") = "Connectivity", "Connectivity", "{5EA7454A-B76E-43FF-B106-7CA33CD74CCB}"
EndProject
Project("{9A19103F-16F7-4668-BE54-9A1E7A4F7556}") = "Cympatic.Stub.Connectivity", "Connectivity\Cympatic.Stub.Connectivity\Cympatic.Stub.Connectivity.csproj", "{7FC74A58-E8BC-4C18-8116-051D046CDE37}"
EndProject
Project("{9A19103F-16F7-4668-BE54-9A1E7A4F7556}") = "Cympatic.Stub.Connectivity.UnitTests", "Connectivity\Cympatic.Stub.Connectivity.UnitTests\Cympatic.Stub.Connectivity.UnitTests.csproj", "{412BF271-FA99-45EC-98A1-507F28DB272C}"
EndProject
Project("{9A19103F-16F7-4668-BE54-9A1E7A4F7556}") = "Cympatic.Extensions.SpecFlow", "..\Extensions\SpecFlow\Cympatic.Extensions.SpecFlow\Cympatic.Extensions.SpecFlow.csproj", "{DB4D9DFB-6AF2-4ECC-BEAE-A314D8D5CD7D}"
EndProject
Global
	GlobalSection(SolutionConfigurationPlatforms) = preSolution
		Debug|Any CPU = Debug|Any CPU
		Release|Any CPU = Release|Any CPU
	EndGlobalSection
	GlobalSection(ProjectConfigurationPlatforms) = postSolution
		{F49074AA-2721-4131-BBC8-1B305B33BEE4}.Debug|Any CPU.ActiveCfg = Debug|Any CPU
		{F49074AA-2721-4131-BBC8-1B305B33BEE4}.Debug|Any CPU.Build.0 = Debug|Any CPU
		{F49074AA-2721-4131-BBC8-1B305B33BEE4}.Release|Any CPU.ActiveCfg = Release|Any CPU
		{F49074AA-2721-4131-BBC8-1B305B33BEE4}.Release|Any CPU.Build.0 = Release|Any CPU
		{298D1B34-D6B7-4C24-B2A9-B52B22CF2A26}.Debug|Any CPU.ActiveCfg = Debug|Any CPU
		{298D1B34-D6B7-4C24-B2A9-B52B22CF2A26}.Debug|Any CPU.Build.0 = Debug|Any CPU
		{298D1B34-D6B7-4C24-B2A9-B52B22CF2A26}.Release|Any CPU.ActiveCfg = Release|Any CPU
		{298D1B34-D6B7-4C24-B2A9-B52B22CF2A26}.Release|Any CPU.Build.0 = Release|Any CPU
		{FF24777A-D85C-4A21-B5F3-FF4926EB0A38}.Debug|Any CPU.ActiveCfg = Debug|Any CPU
		{FF24777A-D85C-4A21-B5F3-FF4926EB0A38}.Debug|Any CPU.Build.0 = Debug|Any CPU
		{FF24777A-D85C-4A21-B5F3-FF4926EB0A38}.Release|Any CPU.ActiveCfg = Release|Any CPU
		{FF24777A-D85C-4A21-B5F3-FF4926EB0A38}.Release|Any CPU.Build.0 = Release|Any CPU
		{84E9F7E9-4710-42EC-8946-476E963CE043}.Debug|Any CPU.ActiveCfg = Debug|Any CPU
		{84E9F7E9-4710-42EC-8946-476E963CE043}.Debug|Any CPU.Build.0 = Debug|Any CPU
		{84E9F7E9-4710-42EC-8946-476E963CE043}.Release|Any CPU.ActiveCfg = Release|Any CPU
		{84E9F7E9-4710-42EC-8946-476E963CE043}.Release|Any CPU.Build.0 = Release|Any CPU
		{52FF810E-E5C0-4D09-AFF7-578525D2784A}.Debug|Any CPU.ActiveCfg = Debug|Any CPU
		{52FF810E-E5C0-4D09-AFF7-578525D2784A}.Debug|Any CPU.Build.0 = Debug|Any CPU
		{52FF810E-E5C0-4D09-AFF7-578525D2784A}.Release|Any CPU.ActiveCfg = Release|Any CPU
		{52FF810E-E5C0-4D09-AFF7-578525D2784A}.Release|Any CPU.Build.0 = Release|Any CPU
		{7FC74A58-E8BC-4C18-8116-051D046CDE37}.Debug|Any CPU.ActiveCfg = Debug|Any CPU
		{7FC74A58-E8BC-4C18-8116-051D046CDE37}.Debug|Any CPU.Build.0 = Debug|Any CPU
		{7FC74A58-E8BC-4C18-8116-051D046CDE37}.Release|Any CPU.ActiveCfg = Release|Any CPU
		{7FC74A58-E8BC-4C18-8116-051D046CDE37}.Release|Any CPU.Build.0 = Release|Any CPU
		{412BF271-FA99-45EC-98A1-507F28DB272C}.Debug|Any CPU.ActiveCfg = Debug|Any CPU
		{412BF271-FA99-45EC-98A1-507F28DB272C}.Debug|Any CPU.Build.0 = Debug|Any CPU
		{412BF271-FA99-45EC-98A1-507F28DB272C}.Release|Any CPU.ActiveCfg = Release|Any CPU
		{412BF271-FA99-45EC-98A1-507F28DB272C}.Release|Any CPU.Build.0 = Release|Any CPU
		{DB4D9DFB-6AF2-4ECC-BEAE-A314D8D5CD7D}.Debug|Any CPU.ActiveCfg = Debug|Any CPU
		{DB4D9DFB-6AF2-4ECC-BEAE-A314D8D5CD7D}.Debug|Any CPU.Build.0 = Debug|Any CPU
		{DB4D9DFB-6AF2-4ECC-BEAE-A314D8D5CD7D}.Release|Any CPU.ActiveCfg = Release|Any CPU
		{DB4D9DFB-6AF2-4ECC-BEAE-A314D8D5CD7D}.Release|Any CPU.Build.0 = Release|Any CPU
	EndGlobalSection
	GlobalSection(SolutionProperties) = preSolution
		HideSolutionNode = FALSE
	EndGlobalSection
	GlobalSection(NestedProjects) = preSolution
		{FF24777A-D85C-4A21-B5F3-FF4926EB0A38} = {1DAFAA4D-9EB9-4ED6-A8B1-42815B53A895}
		{84E9F7E9-4710-42EC-8946-476E963CE043} = {1DAFAA4D-9EB9-4ED6-A8B1-42815B53A895}
		{52FF810E-E5C0-4D09-AFF7-578525D2784A} = {1DAFAA4D-9EB9-4ED6-A8B1-42815B53A895}
		{7FC74A58-E8BC-4C18-8116-051D046CDE37} = {5EA7454A-B76E-43FF-B106-7CA33CD74CCB}
		{412BF271-FA99-45EC-98A1-507F28DB272C} = {5EA7454A-B76E-43FF-B106-7CA33CD74CCB}
		{DB4D9DFB-6AF2-4ECC-BEAE-A314D8D5CD7D} = {1DAFAA4D-9EB9-4ED6-A8B1-42815B53A895}
	EndGlobalSection
	GlobalSection(ExtensibilityGlobals) = postSolution
		SolutionGuid = {3525773D-6C4D-4D9B-9256-379978F2EF55}
	EndGlobalSection
EndGlobal
